
Microsoft Visual Studio Solution File, Format Version 12.00
# Visual Studio Version 17
VisualStudioVersion = 17.4.33213.308
MinimumVisualStudioVersion = 10.0.40219.1
Project("{FAE04EC0-301F-11D3-BF4B-00C04F79EFBC}") = "WpfApp19", "WpfApp19\WpfApp19.csproj", "{390C639E-FC77-43E2-A050-2B914432942D}"
EndProject
Global
	GlobalSection(SolutionConfigurationPlatforms) = preSolution
		Debug|Any CPU = Debug|Any CPU
		Release|Any CPU = Release|Any CPU
	EndGlobalSection
	GlobalSection(ProjectConfigurationPlatforms) = postSolution
		{390C639E-FC77-43E2-A050-2B914432942D}.Debug|Any CPU.ActiveCfg = Debug|Any CPU
		{390C639E-FC77-43E2-A050-2B914432942D}.Debug|Any CPU.Build.0 = Debug|Any CPU
		{390C639E-FC77-43E2-A050-2B914432942D}.Release|Any CPU.ActiveCfg = Release|Any CPU
		{390C639E-FC77-43E2-A050-2B914432942D}.Release|Any CPU.Build.0 = Release|Any CPU
	EndGlobalSection
	GlobalSection(SolutionProperties) = preSolution
		HideSolutionNode = FALSE
	EndGlobalSection
	GlobalSection(ExtensibilityGlobals) = postSolution
		SolutionGuid = {E1D0DC2A-2B20-437F-B9FE-C7B59F034127}
	EndGlobalSection
EndGlobal
